// !$*UTF8*$!
{
	archiveVersion = 1;
	classes = {
	};
	objectVersion = 55;
	objects = {

/* Begin PBXBuildFile section */
		4C25CDD1273A53D3006F0C04 /* MemoRealmTable.swift in Sources */ = {isa = PBXBuildFile; fileRef = 4C25CDD0273A53D3006F0C04 /* MemoRealmTable.swift */; };
		4C25CDD3273A568B006F0C04 /* MemoTableViewCell.swift in Sources */ = {isa = PBXBuildFile; fileRef = 4C25CDD2273A568B006F0C04 /* MemoTableViewCell.swift */; };
		4C25CDD6273A684C006F0C04 /* Realm in Frameworks */ = {isa = PBXBuildFile; productRef = 4C25CDD5273A684C006F0C04 /* Realm */; };
		4C25CDD8273A684C006F0C04 /* RealmSwift in Frameworks */ = {isa = PBXBuildFile; productRef = 4C25CDD7273A684C006F0C04 /* RealmSwift */; };
		4C25CDDA273A9DCA006F0C04 /* EditorStoryboard.storyboard in Resources */ = {isa = PBXBuildFile; fileRef = 4C25CDD9273A9DCA006F0C04 /* EditorStoryboard.storyboard */; };
		4C25CDDC273A9E52006F0C04 /* EditorViewController.swift in Sources */ = {isa = PBXBuildFile; fileRef = 4C25CDDB273A9E52006F0C04 /* EditorViewController.swift */; };
		4CD04CA7273BAD5E004514CB /* walkthrough.storyboard in Resources */ = {isa = PBXBuildFile; fileRef = 4CD04CA6273BAD5E004514CB /* walkthrough.storyboard */; };
		4CD04CA9273BADA6004514CB /* WalkthroughViewController.swift in Sources */ = {isa = PBXBuildFile; fileRef = 4CD04CA8273BADA6004514CB /* WalkthroughViewController.swift */; };
		4CDDF501273BE8890097339F /* Extension+MemoViewController.swift in Sources */ = {isa = PBXBuildFile; fileRef = 4CDDF500273BE8890097339F /* Extension+MemoViewController.swift */; };
		4CDDF504273C0D7B0097339F /* SendDataDelegate.swift in Sources */ = {isa = PBXBuildFile; fileRef = 4CDDF503273C0D7B0097339F /* SendDataDelegate.swift */; };
		4CE7754A27393C26005A08CD /* AppDelegate.swift in Sources */ = {isa = PBXBuildFile; fileRef = 4CE7754927393C26005A08CD /* AppDelegate.swift */; };
		4CE7754C27393C26005A08CD /* SceneDelegate.swift in Sources */ = {isa = PBXBuildFile; fileRef = 4CE7754B27393C26005A08CD /* SceneDelegate.swift */; };
		4CE7754E27393C26005A08CD /* MemoViewController.swift in Sources */ = {isa = PBXBuildFile; fileRef = 4CE7754D27393C26005A08CD /* MemoViewController.swift */; };
		4CE7755127393C26005A08CD /* Main.storyboard in Resources */ = {isa = PBXBuildFile; fileRef = 4CE7754F27393C26005A08CD /* Main.storyboard */; };
		4CE7755327393C27005A08CD /* Assets.xcassets in Resources */ = {isa = PBXBuildFile; fileRef = 4CE7755227393C27005A08CD /* Assets.xcassets */; };
		4CE7755627393C27005A08CD /* LaunchScreen.storyboard in Resources */ = {isa = PBXBuildFile; fileRef = 4CE7755427393C27005A08CD /* LaunchScreen.storyboard */; };
/* End PBXBuildFile section */

/* Begin PBXFileReference section */
		4C25CDD0273A53D3006F0C04 /* MemoRealmTable.swift */ = {isa = PBXFileReference; lastKnownFileType = sourcecode.swift; path = MemoRealmTable.swift; sourceTree = "<group>"; };
		4C25CDD2273A568B006F0C04 /* MemoTableViewCell.swift */ = {isa = PBXFileReference; lastKnownFileType = sourcecode.swift; path = MemoTableViewCell.swift; sourceTree = "<group>"; };
		4C25CDD9273A9DCA006F0C04 /* EditorStoryboard.storyboard */ = {isa = PBXFileReference; lastKnownFileType = file.storyboard; path = EditorStoryboard.storyboard; sourceTree = "<group>"; };
		4C25CDDB273A9E52006F0C04 /* EditorViewController.swift */ = {isa = PBXFileReference; lastKnownFileType = sourcecode.swift; path = EditorViewController.swift; sourceTree = "<group>"; };
		4CD04CA6273BAD5E004514CB /* walkthrough.storyboard */ = {isa = PBXFileReference; lastKnownFileType = file.storyboard; path = walkthrough.storyboard; sourceTree = "<group>"; };
		4CD04CA8273BADA6004514CB /* WalkthroughViewController.swift */ = {isa = PBXFileReference; lastKnownFileType = sourcecode.swift; path = WalkthroughViewController.swift; sourceTree = "<group>"; };
		4CDDF500273BE8890097339F /* Extension+MemoViewController.swift */ = {isa = PBXFileReference; lastKnownFileType = sourcecode.swift; path = "Extension+MemoViewController.swift"; sourceTree = "<group>"; };
		4CDDF503273C0D7B0097339F /* SendDataDelegate.swift */ = {isa = PBXFileReference; lastKnownFileType = sourcecode.swift; path = SendDataDelegate.swift; sourceTree = "<group>"; };
		4CE7754627393C26005A08CD /* MemoProj.app */ = {isa = PBXFileReference; explicitFileType = wrapper.application; includeInIndex = 0; path = MemoProj.app; sourceTree = BUILT_PRODUCTS_DIR; };
		4CE7754927393C26005A08CD /* AppDelegate.swift */ = {isa = PBXFileReference; lastKnownFileType = sourcecode.swift; path = AppDelegate.swift; sourceTree = "<group>"; };
		4CE7754B27393C26005A08CD /* SceneDelegate.swift */ = {isa = PBXFileReference; lastKnownFileType = sourcecode.swift; path = SceneDelegate.swift; sourceTree = "<group>"; };
		4CE7754D27393C26005A08CD /* MemoViewController.swift */ = {isa = PBXFileReference; lastKnownFileType = sourcecode.swift; path = MemoViewController.swift; sourceTree = "<group>"; };
		4CE7755027393C26005A08CD /* Base */ = {isa = PBXFileReference; lastKnownFileType = file.storyboard; name = Base; path = Base.lproj/Main.storyboard; sourceTree = "<group>"; };
		4CE7755227393C27005A08CD /* Assets.xcassets */ = {isa = PBXFileReference; lastKnownFileType = folder.assetcatalog; path = Assets.xcassets; sourceTree = "<group>"; };
		4CE7755527393C27005A08CD /* Base */ = {isa = PBXFileReference; lastKnownFileType = file.storyboard; name = Base; path = Base.lproj/LaunchScreen.storyboard; sourceTree = "<group>"; };
		4CE7755727393C27005A08CD /* Info.plist */ = {isa = PBXFileReference; lastKnownFileType = text.plist.xml; path = Info.plist; sourceTree = "<group>"; };
/* End PBXFileReference section */

/* Begin PBXFrameworksBuildPhase section */
		4CE7754327393C26005A08CD /* Frameworks */ = {
			isa = PBXFrameworksBuildPhase;
			buildActionMask = 2147483647;
			files = (
				4C25CDD8273A684C006F0C04 /* RealmSwift in Frameworks */,
				4C25CDD6273A684C006F0C04 /* Realm in Frameworks */,
			);
			runOnlyForDeploymentPostprocessing = 0;
		};
/* End PBXFrameworksBuildPhase section */

/* Begin PBXGroup section */
		4CDDF502273BE8900097339F /* Extension */ = {
			isa = PBXGroup;
			children = (
				4CDDF500273BE8890097339F /* Extension+MemoViewController.swift */,
			);
			path = Extension;
			sourceTree = "<group>";
		};
		4CE48A8427394A2300CDD5E4 /* Controller */ = {
			isa = PBXGroup;
			children = (
				4CE7754D27393C26005A08CD /* MemoViewController.swift */,
				4CD04CA8273BADA6004514CB /* WalkthroughViewController.swift */,
				4C25CDDB273A9E52006F0C04 /* EditorViewController.swift */,
				4CDDF502273BE8900097339F /* Extension */,
			);
			path = Controller;
			sourceTree = "<group>";
		};
		4CE48A8627394B5E00CDD5E4 /* Model */ = {
			isa = PBXGroup;
			children = (
				4C25CDD0273A53D3006F0C04 /* MemoRealmTable.swift */,
				4CDDF503273C0D7B0097339F /* SendDataDelegate.swift */,
			);
			path = Model;
			sourceTree = "<group>";
		};
		4CE48A8727394B6800CDD5E4 /* View */ = {
			isa = PBXGroup;
			children = (
				4CE7754F27393C26005A08CD /* Main.storyboard */,
				4CD04CA6273BAD5E004514CB /* walkthrough.storyboard */,
				4C25CDD9273A9DCA006F0C04 /* EditorStoryboard.storyboard */,
				4C25CDD2273A568B006F0C04 /* MemoTableViewCell.swift */,
				4CE7755427393C27005A08CD /* LaunchScreen.storyboard */,
			);
			path = View;
			sourceTree = "<group>";
		};
		4CE7753D27393C26005A08CD = {
			isa = PBXGroup;
			children = (
				4CE7754827393C26005A08CD /* MemoProj */,
				4CE7754727393C26005A08CD /* Products */,
			);
			sourceTree = "<group>";
		};
		4CE7754727393C26005A08CD /* Products */ = {
			isa = PBXGroup;
			children = (
				4CE7754627393C26005A08CD /* MemoProj.app */,
			);
			name = Products;
			sourceTree = "<group>";
		};
		4CE7754827393C26005A08CD /* MemoProj */ = {
			isa = PBXGroup;
			children = (
				4CE48A8627394B5E00CDD5E4 /* Model */,
				4CE48A8727394B6800CDD5E4 /* View */,
				4CE48A8427394A2300CDD5E4 /* Controller */,
				4CE7754927393C26005A08CD /* AppDelegate.swift */,
				4CE7754B27393C26005A08CD /* SceneDelegate.swift */,
				4CE7755227393C27005A08CD /* Assets.xcassets */,
				4CE7755727393C27005A08CD /* Info.plist */,
			);
			path = MemoProj;
			sourceTree = "<group>";
		};
/* End PBXGroup section */

/* Begin PBXNativeTarget section */
		4CE7754527393C26005A08CD /* MemoProj */ = {
			isa = PBXNativeTarget;
			buildConfigurationList = 4CE7755A27393C27005A08CD /* Build configuration list for PBXNativeTarget "MemoProj" */;
			buildPhases = (
				4CE7754227393C26005A08CD /* Sources */,
				4CE7754327393C26005A08CD /* Frameworks */,
				4CE7754427393C26005A08CD /* Resources */,
			);
			buildRules = (
			);
			dependencies = (
			);
			name = MemoProj;
			packageProductDependencies = (
				4C25CDD5273A684C006F0C04 /* Realm */,
				4C25CDD7273A684C006F0C04 /* RealmSwift */,
			);
			productName = MemoProj;
			productReference = 4CE7754627393C26005A08CD /* MemoProj.app */;
			productType = "com.apple.product-type.application";
		};
/* End PBXNativeTarget section */

/* Begin PBXProject section */
		4CE7753E27393C26005A08CD /* Project object */ = {
			isa = PBXProject;
			attributes = {
				BuildIndependentTargetsInParallel = 1;
				LastSwiftUpdateCheck = 1300;
				LastUpgradeCheck = 1300;
				TargetAttributes = {
					4CE7754527393C26005A08CD = {
						CreatedOnToolsVersion = 13.0;
					};
				};
			};
			buildConfigurationList = 4CE7754127393C26005A08CD /* Build configuration list for PBXProject "MemoProj" */;
			compatibilityVersion = "Xcode 13.0";
			developmentRegion = en;
			hasScannedForEncodings = 0;
			knownRegions = (
				en,
				Base,
			);
			mainGroup = 4CE7753D27393C26005A08CD;
			packageReferences = (
				4C25CDD4273A684C006F0C04 /* XCRemoteSwiftPackageReference "realm-cocoa" */,
			);
			productRefGroup = 4CE7754727393C26005A08CD /* Products */;
			projectDirPath = "";
			projectRoot = "";
			targets = (
				4CE7754527393C26005A08CD /* MemoProj */,
			);
		};
/* End PBXProject section */

/* Begin PBXResourcesBuildPhase section */
		4CE7754427393C26005A08CD /* Resources */ = {
			isa = PBXResourcesBuildPhase;
			buildActionMask = 2147483647;
			files = (
				4CD04CA7273BAD5E004514CB /* walkthrough.storyboard in Resources */,
				4CE7755627393C27005A08CD /* LaunchScreen.storyboard in Resources */,
				4CE7755327393C27005A08CD /* Assets.xcassets in Resources */,
				4C25CDDA273A9DCA006F0C04 /* EditorStoryboard.storyboard in Resources */,
				4CE7755127393C26005A08CD /* Main.storyboard in Resources */,
			);
			runOnlyForDeploymentPostprocessing = 0;
		};
/* End PBXResourcesBuildPhase section */

/* Begin PBXSourcesBuildPhase section */
		4CE7754227393C26005A08CD /* Sources */ = {
			isa = PBXSourcesBuildPhase;
			buildActionMask = 2147483647;
			files = (
				4C25CDD3273A568B006F0C04 /* MemoTableViewCell.swift in Sources */,
				4CD04CA9273BADA6004514CB /* WalkthroughViewController.swift in Sources */,
				4C25CDDC273A9E52006F0C04 /* EditorViewController.swift in Sources */,
				4CE7754E27393C26005A08CD /* MemoViewController.swift in Sources */,
				4CE7754A27393C26005A08CD /* AppDelegate.swift in Sources */,
				4C25CDD1273A53D3006F0C04 /* MemoRealmTable.swift in Sources */,
				4CDDF501273BE8890097339F /* Extension+MemoViewController.swift in Sources */,
				4CDDF504273C0D7B0097339F /* SendDataDelegate.swift in Sources */,
				4CE7754C27393C26005A08CD /* SceneDelegate.swift in Sources */,
			);
			runOnlyForDeploymentPostprocessing = 0;
		};
/* End PBXSourcesBuildPhase section */

/* Begin PBXVariantGroup section */
		4CE7754F27393C26005A08CD /* Main.storyboard */ = {
			isa = PBXVariantGroup;
			children = (
				4CE7755027393C26005A08CD /* Base */,
			);
			name = Main.storyboard;
			sourceTree = "<group>";
		};
		4CE7755427393C27005A08CD /* LaunchScreen.storyboard */ = {
			isa = PBXVariantGroup;
			children = (
				4CE7755527393C27005A08CD /* Base */,
			);
			name = LaunchScreen.storyboard;
			sourceTree = "<group>";
		};
/* End PBXVariantGroup section */

/* Begin XCBuildConfiguration section */
		4CE7755827393C27005A08CD /* Debug */ = {
			isa = XCBuildConfiguration;
			buildSettings = {
				ALWAYS_SEARCH_USER_PATHS = NO;
				CLANG_ANALYZER_NONNULL = YES;
				CLANG_ANALYZER_NUMBER_OBJECT_CONVERSION = YES_AGGRESSIVE;
				CLANG_CXX_LANGUAGE_STANDARD = "gnu++17";
				CLANG_CXX_LIBRARY = "libc++";
				CLANG_ENABLE_MODULES = YES;
				CLANG_ENABLE_OBJC_ARC = YES;
				CLANG_ENABLE_OBJC_WEAK = YES;
				CLANG_WARN_BLOCK_CAPTURE_AUTORELEASING = YES;
				CLANG_WARN_BOOL_CONVERSION = YES;
				CLANG_WARN_COMMA = YES;
				CLANG_WARN_CONSTANT_CONVERSION = YES;
				CLANG_WARN_DEPRECATED_OBJC_IMPLEMENTATIONS = YES;
				CLANG_WARN_DIRECT_OBJC_ISA_USAGE = YES_ERROR;
				CLANG_WARN_DOCUMENTATION_COMMENTS = YES;
				CLANG_WARN_EMPTY_BODY = YES;
				CLANG_WARN_ENUM_CONVERSION = YES;
				CLANG_WARN_INFINITE_RECURSION = YES;
				CLANG_WARN_INT_CONVERSION = YES;
				CLANG_WARN_NON_LITERAL_NULL_CONVERSION = YES;
				CLANG_WARN_OBJC_IMPLICIT_RETAIN_SELF = YES;
				CLANG_WARN_OBJC_LITERAL_CONVERSION = YES;
				CLANG_WARN_OBJC_ROOT_CLASS = YES_ERROR;
				CLANG_WARN_QUOTED_INCLUDE_IN_FRAMEWORK_HEADER = YES;
				CLANG_WARN_RANGE_LOOP_ANALYSIS = YES;
				CLANG_WARN_STRICT_PROTOTYPES = YES;
				CLANG_WARN_SUSPICIOUS_MOVE = YES;
				CLANG_WARN_UNGUARDED_AVAILABILITY = YES_AGGRESSIVE;
				CLANG_WARN_UNREACHABLE_CODE = YES;
				CLANG_WARN__DUPLICATE_METHOD_MATCH = YES;
				COPY_PHASE_STRIP = NO;
				DEBUG_INFORMATION_FORMAT = dwarf;
				ENABLE_STRICT_OBJC_MSGSEND = YES;
				ENABLE_TESTABILITY = YES;
				GCC_C_LANGUAGE_STANDARD = gnu11;
				GCC_DYNAMIC_NO_PIC = NO;
				GCC_NO_COMMON_BLOCKS = YES;
				GCC_OPTIMIZATION_LEVEL = 0;
				GCC_PREPROCESSOR_DEFINITIONS = (
					"DEBUG=1",
					"$(inherited)",
				);
				GCC_WARN_64_TO_32_BIT_CONVERSION = YES;
				GCC_WARN_ABOUT_RETURN_TYPE = YES_ERROR;
				GCC_WARN_UNDECLARED_SELECTOR = YES;
				GCC_WARN_UNINITIALIZED_AUTOS = YES_AGGRESSIVE;
				GCC_WARN_UNUSED_FUNCTION = YES;
				GCC_WARN_UNUSED_VARIABLE = YES;
				IPHONEOS_DEPLOYMENT_TARGET = 13.0;
				MTL_ENABLE_DEBUG_INFO = INCLUDE_SOURCE;
				MTL_FAST_MATH = YES;
				ONLY_ACTIVE_ARCH = YES;
				SDKROOT = iphoneos;
				SWIFT_ACTIVE_COMPILATION_CONDITIONS = DEBUG;
				SWIFT_OPTIMIZATION_LEVEL = "-Onone";
			};
			name = Debug;
		};
		4CE7755927393C27005A08CD /* Release */ = {
			isa = XCBuildConfiguration;
			buildSettings = {
				ALWAYS_SEARCH_USER_PATHS = NO;
				CLANG_ANALYZER_NONNULL = YES;
				CLANG_ANALYZER_NUMBER_OBJECT_CONVERSION = YES_AGGRESSIVE;
				CLANG_CXX_LANGUAGE_STANDARD = "gnu++17";
				CLANG_CXX_LIBRARY = "libc++";
				CLANG_ENABLE_MODULES = YES;
				CLANG_ENABLE_OBJC_ARC = YES;
				CLANG_ENABLE_OBJC_WEAK = YES;
				CLANG_WARN_BLOCK_CAPTURE_AUTORELEASING = YES;
				CLANG_WARN_BOOL_CONVERSION = YES;
				CLANG_WARN_COMMA = YES;
				CLANG_WARN_CONSTANT_CONVERSION = YES;
				CLANG_WARN_DEPRECATED_OBJC_IMPLEMENTATIONS = YES;
				CLANG_WARN_DIRECT_OBJC_ISA_USAGE = YES_ERROR;
				CLANG_WARN_DOCUMENTATION_COMMENTS = YES;
				CLANG_WARN_EMPTY_BODY = YES;
				CLANG_WARN_ENUM_CONVERSION = YES;
				CLANG_WARN_INFINITE_RECURSION = YES;
				CLANG_WARN_INT_CONVERSION = YES;
				CLANG_WARN_NON_LITERAL_NULL_CONVERSION = YES;
				CLANG_WARN_OBJC_IMPLICIT_RETAIN_SELF = YES;
				CLANG_WARN_OBJC_LITERAL_CONVERSION = YES;
				CLANG_WARN_OBJC_ROOT_CLASS = YES_ERROR;
				CLANG_WARN_QUOTED_INCLUDE_IN_FRAMEWORK_HEADER = YES;
				CLANG_WARN_RANGE_LOOP_ANALYSIS = YES;
				CLANG_WARN_STRICT_PROTOTYPES = YES;
				CLANG_WARN_SUSPICIOUS_MOVE = YES;
				CLANG_WARN_UNGUARDED_AVAILABILITY = YES_AGGRESSIVE;
				CLANG_WARN_UNREACHABLE_CODE = YES;
				CLANG_WARN__DUPLICATE_METHOD_MATCH = YES;
				COPY_PHASE_STRIP = NO;
				DEBUG_INFORMATION_FORMAT = "dwarf-with-dsym";
				ENABLE_NS_ASSERTIONS = NO;
				ENABLE_STRICT_OBJC_MSGSEND = YES;
				GCC_C_LANGUAGE_STANDARD = gnu11;
				GCC_NO_COMMON_BLOCKS = YES;
				GCC_WARN_64_TO_32_BIT_CONVERSION = YES;
				GCC_WARN_ABOUT_RETURN_TYPE = YES_ERROR;
				GCC_WARN_UNDECLARED_SELECTOR = YES;
				GCC_WARN_UNINITIALIZED_AUTOS = YES_AGGRESSIVE;
				GCC_WARN_UNUSED_FUNCTION = YES;
				GCC_WARN_UNUSED_VARIABLE = YES;
				IPHONEOS_DEPLOYMENT_TARGET = 13.0;
				MTL_ENABLE_DEBUG_INFO = NO;
				MTL_FAST_MATH = YES;
				SDKROOT = iphoneos;
				SWIFT_COMPILATION_MODE = wholemodule;
				SWIFT_OPTIMIZATION_LEVEL = "-O";
				VALIDATE_PRODUCT = YES;
			};
			name = Release;
		};
		4CE7755B27393C27005A08CD /* Debug */ = {
			isa = XCBuildConfiguration;
			buildSettings = {
				ASSETCATALOG_COMPILER_APPICON_NAME = AppIcon;
				ASSETCATALOG_COMPILER_GLOBAL_ACCENT_COLOR_NAME = AccentColor;
				CODE_SIGN_STYLE = Automatic;
				CURRENT_PROJECT_VERSION = 1;
				DEVELOPMENT_TEAM = 46QF7GBZH7;
				GENERATE_INFOPLIST_FILE = YES;
				INFOPLIST_FILE = MemoProj/Info.plist;
				INFOPLIST_KEY_UIApplicationSupportsIndirectInputEvents = YES;
				INFOPLIST_KEY_UILaunchStoryboardName = LaunchScreen;
				INFOPLIST_KEY_UIMainStoryboardFile = Main;
				INFOPLIST_KEY_UISupportedInterfaceOrientations_iPad = "UIInterfaceOrientationPortrait UIInterfaceOrientationPortraitUpsideDown UIInterfaceOrientationLandscapeLeft UIInterfaceOrientationLandscapeRight";
				INFOPLIST_KEY_UISupportedInterfaceOrientations_iPhone = "UIInterfaceOrientationPortrait UIInterfaceOrientationLandscapeLeft UIInterfaceOrientationLandscapeRight";
				LD_RUNPATH_SEARCH_PATHS = (
					"$(inherited)",
					"@executable_path/Frameworks",
				);
				MARKETING_VERSION = 1.0;
				PRODUCT_BUNDLE_IDENTIFIER = usKet.MemoProj;
				PRODUCT_NAME = "$(TARGET_NAME)";
				SWIFT_EMIT_LOC_STRINGS = YES;
				SWIFT_VERSION = 5.0;
				TARGETED_DEVICE_FAMILY = 1;
			};
			name = Debug;
		};
		4CE7755C27393C27005A08CD /* Release */ = {
			isa = XCBuildConfiguration;
			buildSettings = {
				ASSETCATALOG_COMPILER_APPICON_NAME = AppIcon;
				ASSETCATALOG_COMPILER_GLOBAL_ACCENT_COLOR_NAME = AccentColor;
				CODE_SIGN_STYLE = Automatic;
				CURRENT_PROJECT_VERSION = 1;
				DEVELOPMENT_TEAM = 46QF7GBZH7;
				GENERATE_INFOPLIST_FILE = YES;
				INFOPLIST_FILE = MemoProj/Info.plist;
				INFOPLIST_KEY_UIApplicationSupportsIndirectInputEvents = YES;
				INFOPLIST_KEY_UILaunchStoryboardName = LaunchScreen;
				INFOPLIST_KEY_UIMainStoryboardFile = Main;
				INFOPLIST_KEY_UISupportedInterfaceOrientations_iPad = "UIInterfaceOrientationPortrait UIInterfaceOrientationPortraitUpsideDown UIInterfaceOrientationLandscapeLeft UIInterfaceOrientationLandscapeRight";
				INFOPLIST_KEY_UISupportedInterfaceOrientations_iPhone = "UIInterfaceOrientationPortrait UIInterfaceOrientationLandscapeLeft UIInterfaceOrientationLandscapeRight";
				LD_RUNPATH_SEARCH_PATHS = (
					"$(inherited)",
					"@executable_path/Frameworks",
				);
				MARKETING_VERSION = 1.0;
				PRODUCT_BUNDLE_IDENTIFIER = usKet.MemoProj;
				PRODUCT_NAME = "$(TARGET_NAME)";
				SWIFT_EMIT_LOC_STRINGS = YES;
				SWIFT_VERSION = 5.0;
				TARGETED_DEVICE_FAMILY = 1;
			};
			name = Release;
		};
/* End XCBuildConfiguration section */

/* Begin XCConfigurationList section */
		4CE7754127393C26005A08CD /* Build configuration list for PBXProject "MemoProj" */ = {
			isa = XCConfigurationList;
			buildConfigurations = (
				4CE7755827393C27005A08CD /* Debug */,
				4CE7755927393C27005A08CD /* Release */,
			);
			defaultConfigurationIsVisible = 0;
			defaultConfigurationName = Release;
		};
		4CE7755A27393C27005A08CD /* Build configuration list for PBXNativeTarget "MemoProj" */ = {
			isa = XCConfigurationList;
			buildConfigurations = (
				4CE7755B27393C27005A08CD /* Debug */,
				4CE7755C27393C27005A08CD /* Release */,
			);
			defaultConfigurationIsVisible = 0;
			defaultConfigurationName = Release;
		};
/* End XCConfigurationList section */

/* Begin XCRemoteSwiftPackageReference section */
		4C25CDD4273A684C006F0C04 /* XCRemoteSwiftPackageReference "realm-cocoa" */ = {
			isa = XCRemoteSwiftPackageReference;
			repositoryURL = "https://github.com/realm/realm-cocoa.git";
			requirement = {
				kind = exactVersion;
				version = 10.18.0;
			};
		};
/* End XCRemoteSwiftPackageReference section */

/* Begin XCSwiftPackageProductDependency section */
		4C25CDD5273A684C006F0C04 /* Realm */ = {
			isa = XCSwiftPackageProductDependency;
			package = 4C25CDD4273A684C006F0C04 /* XCRemoteSwiftPackageReference "realm-cocoa" */;
			productName = Realm;
		};
		4C25CDD7273A684C006F0C04 /* RealmSwift */ = {
			isa = XCSwiftPackageProductDependency;
			package = 4C25CDD4273A684C006F0C04 /* XCRemoteSwiftPackageReference "realm-cocoa" */;
			productName = RealmSwift;
		};
/* End XCSwiftPackageProductDependency section */
	};
	rootObject = 4CE7753E27393C26005A08CD /* Project object */;
}
